// !$*UTF8*$!
{
	archiveVersion = 1;
	classes = {
	};
	objectVersion = 50;
	objects = {

/* Begin PBXBuildFile section */
		080F307925812AA100E275F2 /* OtdelTableViewController.swift in Sources */ = {isa = PBXBuildFile; fileRef = 080F307825812AA100E275F2 /* OtdelTableViewController.swift */; };
		080F307C25812BBF00E275F2 /* OtdelTableViewCell.swift in Sources */ = {isa = PBXBuildFile; fileRef = 080F307B25812BBF00E275F2 /* OtdelTableViewCell.swift */; };
		080F307F25812C1400E275F2 /* KursTableViewCell.swift in Sources */ = {isa = PBXBuildFile; fileRef = 080F307E25812C1400E275F2 /* KursTableViewCell.swift */; };
		080F308225812C5100E275F2 /* KursTableViewController.swift in Sources */ = {isa = PBXBuildFile; fileRef = 080F308125812C5100E275F2 /* KursTableViewController.swift */; };
		0844CCF425829ABA00750889 /* ShowMapViewController.swift in Sources */ = {isa = PBXBuildFile; fileRef = 0844CCF325829ABA00750889 /* ShowMapViewController.swift */; };
		0860547F257FBB10003649CC /* AppDelegate.swift in Sources */ = {isa = PBXBuildFile; fileRef = 0860547E257FBB10003649CC /* AppDelegate.swift */; };
		08605481257FBB10003649CC /* SceneDelegate.swift in Sources */ = {isa = PBXBuildFile; fileRef = 08605480257FBB10003649CC /* SceneDelegate.swift */; };
		08605483257FBB10003649CC /* ViewController.swift in Sources */ = {isa = PBXBuildFile; fileRef = 08605482257FBB10003649CC /* ViewController.swift */; };
		08605486257FBB10003649CC /* Main.storyboard in Resources */ = {isa = PBXBuildFile; fileRef = 08605484257FBB10003649CC /* Main.storyboard */; };
		08605488257FBB13003649CC /* Assets.xcassets in Resources */ = {isa = PBXBuildFile; fileRef = 08605487257FBB13003649CC /* Assets.xcassets */; };
		0860548B257FBB13003649CC /* LaunchScreen.storyboard in Resources */ = {isa = PBXBuildFile; fileRef = 08605489257FBB13003649CC /* LaunchScreen.storyboard */; };
		086E14822582197A00F4DF12 /* MapKit.framework in Frameworks */ = {isa = PBXBuildFile; fileRef = 086E14812582197A00F4DF12 /* MapKit.framework */; };
		086E1484258219E900F4DF12 /* MapOtdelViewController.swift in Sources */ = {isa = PBXBuildFile; fileRef = 086E1483258219E900F4DF12 /* MapOtdelViewController.swift */; };
		086E148725821F9300F4DF12 /* MapOtdelTableViewCell.swift in Sources */ = {isa = PBXBuildFile; fileRef = 086E148625821F9300F4DF12 /* MapOtdelTableViewCell.swift */; };
		086E148A258247C200F4DF12 /* Otdels.swift in Sources */ = {isa = PBXBuildFile; fileRef = 086E1489258247C200F4DF12 /* Otdels.swift */; };
/* End PBXBuildFile section */

/* Begin PBXFileReference section */
		080F307825812AA100E275F2 /* OtdelTableViewController.swift */ = {isa = PBXFileReference; lastKnownFileType = sourcecode.swift; path = OtdelTableViewController.swift; sourceTree = "<group>"; };
		080F307B25812BBF00E275F2 /* OtdelTableViewCell.swift */ = {isa = PBXFileReference; lastKnownFileType = sourcecode.swift; path = OtdelTableViewCell.swift; sourceTree = "<group>"; };
		080F307E25812C1400E275F2 /* KursTableViewCell.swift */ = {isa = PBXFileReference; lastKnownFileType = sourcecode.swift; path = KursTableViewCell.swift; sourceTree = "<group>"; };
		080F308125812C5100E275F2 /* KursTableViewController.swift */ = {isa = PBXFileReference; lastKnownFileType = sourcecode.swift; path = KursTableViewController.swift; sourceTree = "<group>"; };
		0844CCF325829ABA00750889 /* ShowMapViewController.swift */ = {isa = PBXFileReference; lastKnownFileType = sourcecode.swift; path = ShowMapViewController.swift; sourceTree = "<group>"; };
		0860547B257FBB10003649CC /* de.app */ = {isa = PBXFileReference; explicitFileType = wrapper.application; includeInIndex = 0; path = de.app; sourceTree = BUILT_PRODUCTS_DIR; };
		0860547E257FBB10003649CC /* AppDelegate.swift */ = {isa = PBXFileReference; lastKnownFileType = sourcecode.swift; path = AppDelegate.swift; sourceTree = "<group>"; };
		08605480257FBB10003649CC /* SceneDelegate.swift */ = {isa = PBXFileReference; lastKnownFileType = sourcecode.swift; path = SceneDelegate.swift; sourceTree = "<group>"; };
		08605482257FBB10003649CC /* ViewController.swift */ = {isa = PBXFileReference; lastKnownFileType = sourcecode.swift; path = ViewController.swift; sourceTree = "<group>"; };
		08605485257FBB10003649CC /* Base */ = {isa = PBXFileReference; lastKnownFileType = file.storyboard; name = Base; path = Base.lproj/Main.storyboard; sourceTree = "<group>"; };
		08605487257FBB13003649CC /* Assets.xcassets */ = {isa = PBXFileReference; lastKnownFileType = folder.assetcatalog; path = Assets.xcassets; sourceTree = "<group>"; };
		0860548A257FBB13003649CC /* Base */ = {isa = PBXFileReference; lastKnownFileType = file.storyboard; name = Base; path = Base.lproj/LaunchScreen.storyboard; sourceTree = "<group>"; };
		0860548C257FBB13003649CC /* Info.plist */ = {isa = PBXFileReference; lastKnownFileType = text.plist.xml; path = Info.plist; sourceTree = "<group>"; };
		086E14812582197A00F4DF12 /* MapKit.framework */ = {isa = PBXFileReference; lastKnownFileType = wrapper.framework; name = MapKit.framework; path = System/Library/Frameworks/MapKit.framework; sourceTree = SDKROOT; };
		086E1483258219E900F4DF12 /* MapOtdelViewController.swift */ = {isa = PBXFileReference; lastKnownFileType = sourcecode.swift; path = MapOtdelViewController.swift; sourceTree = "<group>"; };
		086E148625821F9300F4DF12 /* MapOtdelTableViewCell.swift */ = {isa = PBXFileReference; lastKnownFileType = sourcecode.swift; path = MapOtdelTableViewCell.swift; sourceTree = "<group>"; };
		086E1489258247C200F4DF12 /* Otdels.swift */ = {isa = PBXFileReference; lastKnownFileType = sourcecode.swift; path = Otdels.swift; sourceTree = "<group>"; };
/* End PBXFileReference section */

/* Begin PBXFrameworksBuildPhase section */
		08605478257FBB0F003649CC /* Frameworks */ = {
			isa = PBXFrameworksBuildPhase;
			buildActionMask = 2147483647;
			files = (
				086E14822582197A00F4DF12 /* MapKit.framework in Frameworks */,
			);
			runOnlyForDeploymentPostprocessing = 0;
		};
/* End PBXFrameworksBuildPhase section */

/* Begin PBXGroup section */
		08605472257FBB0F003649CC = {
			isa = PBXGroup;
			children = (
				0860547D257FBB10003649CC /* de */,
				0860547C257FBB10003649CC /* Products */,
				086E14802582197A00F4DF12 /* Frameworks */,
			);
			sourceTree = "<group>";
		};
		0860547C257FBB10003649CC /* Products */ = {
			isa = PBXGroup;
			children = (
				0860547B257FBB10003649CC /* de.app */,
			);
			name = Products;
			sourceTree = "<group>";
		};
		0860547D257FBB10003649CC /* de */ = {
			isa = PBXGroup;
			children = (
				0860547E257FBB10003649CC /* AppDelegate.swift */,
				08605480257FBB10003649CC /* SceneDelegate.swift */,
				08605482257FBB10003649CC /* ViewController.swift */,
				08605484257FBB10003649CC /* Main.storyboard */,
				0844CCF325829ABA00750889 /* ShowMapViewController.swift */,
				086E148625821F9300F4DF12 /* MapOtdelTableViewCell.swift */,
				086E1483258219E900F4DF12 /* MapOtdelViewController.swift */,
				086E1489258247C200F4DF12 /* Otdels.swift */,
				080F308125812C5100E275F2 /* KursTableViewController.swift */,
				080F307E25812C1400E275F2 /* KursTableViewCell.swift */,
				080F307B25812BBF00E275F2 /* OtdelTableViewCell.swift */,
				080F307825812AA100E275F2 /* OtdelTableViewController.swift */,
				08605487257FBB13003649CC /* Assets.xcassets */,
				08605489257FBB13003649CC /* LaunchScreen.storyboard */,
				0860548C257FBB13003649CC /* Info.plist */,
			);
			path = de;
			sourceTree = "<group>";
		};
		086E14802582197A00F4DF12 /* Frameworks */ = {
			isa = PBXGroup;
			children = (
				086E14812582197A00F4DF12 /* MapKit.framework */,
			);
			name = Frameworks;
			sourceTree = "<group>";
		};
/* End PBXGroup section */

/* Begin PBXNativeTarget section */
		0860547A257FBB0F003649CC /* de */ = {
			isa = PBXNativeTarget;
			buildConfigurationList = 0860548F257FBB13003649CC /* Build configuration list for PBXNativeTarget "de" */;
			buildPhases = (
				08605477257FBB0F003649CC /* Sources */,
				08605478257FBB0F003649CC /* Frameworks */,
				08605479257FBB0F003649CC /* Resources */,
			);
			buildRules = (
			);
			dependencies = (
			);
			name = de;
			productName = de;
			productReference = 0860547B257FBB10003649CC /* de.app */;
			productType = "com.apple.product-type.application";
		};
/* End PBXNativeTarget section */

/* Begin PBXProject section */
		08605473257FBB0F003649CC /* Project object */ = {
			isa = PBXProject;
			attributes = {
				LastSwiftUpdateCheck = 1220;
				LastUpgradeCheck = 1220;
				TargetAttributes = {
					0860547A257FBB0F003649CC = {
						CreatedOnToolsVersion = 12.2;
					};
				};
			};
			buildConfigurationList = 08605476257FBB0F003649CC /* Build configuration list for PBXProject "de" */;
			compatibilityVersion = "Xcode 9.3";
			developmentRegion = en;
			hasScannedForEncodings = 0;
			knownRegions = (
				en,
				Base,
			);
			mainGroup = 08605472257FBB0F003649CC;
			productRefGroup = 0860547C257FBB10003649CC /* Products */;
			projectDirPath = "";
			projectRoot = "";
			targets = (
				0860547A257FBB0F003649CC /* de */,
			);
		};
/* End PBXProject section */

/* Begin PBXResourcesBuildPhase section */
		08605479257FBB0F003649CC /* Resources */ = {
			isa = PBXResourcesBuildPhase;
			buildActionMask = 2147483647;
			files = (
				0860548B257FBB13003649CC /* LaunchScreen.storyboard in Resources */,
				08605488257FBB13003649CC /* Assets.xcassets in Resources */,
				08605486257FBB10003649CC /* Main.storyboard in Resources */,
			);
			runOnlyForDeploymentPostprocessing = 0;
		};
/* End PBXResourcesBuildPhase section */

/* Begin PBXSourcesBuildPhase section */
		08605477257FBB0F003649CC /* Sources */ = {
			isa = PBXSourcesBuildPhase;
			buildActionMask = 2147483647;
			files = (
				080F307F25812C1400E275F2 /* KursTableViewCell.swift in Sources */,
				080F308225812C5100E275F2 /* KursTableViewController.swift in Sources */,
				080F307925812AA100E275F2 /* OtdelTableViewController.swift in Sources */,
				0844CCF425829ABA00750889 /* ShowMapViewController.swift in Sources */,
				086E148725821F9300F4DF12 /* MapOtdelTableViewCell.swift in Sources */,
				08605483257FBB10003649CC /* ViewController.swift in Sources */,
				086E1484258219E900F4DF12 /* MapOtdelViewController.swift in Sources */,
				0860547F257FBB10003649CC /* AppDelegate.swift in Sources */,
				08605481257FBB10003649CC /* SceneDelegate.swift in Sources */,
				086E148A258247C200F4DF12 /* Otdels.swift in Sources */,
				080F307C25812BBF00E275F2 /* OtdelTableViewCell.swift in Sources */,
			);
			runOnlyForDeploymentPostprocessing = 0;
		};
/* End PBXSourcesBuildPhase section */

/* Begin PBXVariantGroup section */
		08605484257FBB10003649CC /* Main.storyboard */ = {
			isa = PBXVariantGroup;
			children = (
				08605485257FBB10003649CC /* Base */,
			);
			name = Main.storyboard;
			sourceTree = "<group>";
		};
		08605489257FBB13003649CC /* LaunchScreen.storyboard */ = {
			isa = PBXVariantGroup;
			children = (
				0860548A257FBB13003649CC /* Base */,
			);
			name = LaunchScreen.storyboard;
			sourceTree = "<group>";
		};
/* End PBXVariantGroup section */

/* Begin XCBuildConfiguration section */
		0860548D257FBB13003649CC /* Debug */ = {
			isa = XCBuildConfiguration;
			buildSettings = {
				ALWAYS_SEARCH_USER_PATHS = NO;
				CLANG_ANALYZER_NONNULL = YES;
				CLANG_ANALYZER_NUMBER_OBJECT_CONVERSION = YES_AGGRESSIVE;
				CLANG_CXX_LANGUAGE_STANDARD = "gnu++14";
				CLANG_CXX_LIBRARY = "libc++";
				CLANG_ENABLE_MODULES = YES;
				CLANG_ENABLE_OBJC_ARC = YES;
				CLANG_ENABLE_OBJC_WEAK = YES;
				CLANG_WARN_BLOCK_CAPTURE_AUTORELEASING = YES;
				CLANG_WARN_BOOL_CONVERSION = YES;
				CLANG_WARN_COMMA = YES;
				CLANG_WARN_CONSTANT_CONVERSION = YES;
				CLANG_WARN_DEPRECATED_OBJC_IMPLEMENTATIONS = YES;
				CLANG_WARN_DIRECT_OBJC_ISA_USAGE = YES_ERROR;
				CLANG_WARN_DOCUMENTATION_COMMENTS = YES;
				CLANG_WARN_EMPTY_BODY = YES;
				CLANG_WARN_ENUM_CONVERSION = YES;
				CLANG_WARN_INFINITE_RECURSION = YES;
				CLANG_WARN_INT_CONVERSION = YES;
				CLANG_WARN_NON_LITERAL_NULL_CONVERSION = YES;
				CLANG_WARN_OBJC_IMPLICIT_RETAIN_SELF = YES;
				CLANG_WARN_OBJC_LITERAL_CONVERSION = YES;
				CLANG_WARN_OBJC_ROOT_CLASS = YES_ERROR;
				CLANG_WARN_QUOTED_INCLUDE_IN_FRAMEWORK_HEADER = YES;
				CLANG_WARN_RANGE_LOOP_ANALYSIS = YES;
				CLANG_WARN_STRICT_PROTOTYPES = YES;
				CLANG_WARN_SUSPICIOUS_MOVE = YES;
				CLANG_WARN_UNGUARDED_AVAILABILITY = YES_AGGRESSIVE;
				CLANG_WARN_UNREACHABLE_CODE = YES;
				CLANG_WARN__DUPLICATE_METHOD_MATCH = YES;
				COPY_PHASE_STRIP = NO;
				DEBUG_INFORMATION_FORMAT = dwarf;
				ENABLE_STRICT_OBJC_MSGSEND = YES;
				ENABLE_TESTABILITY = YES;
				GCC_C_LANGUAGE_STANDARD = gnu11;
				GCC_DYNAMIC_NO_PIC = NO;
				GCC_NO_COMMON_BLOCKS = YES;
				GCC_OPTIMIZATION_LEVEL = 0;
				GCC_PREPROCESSOR_DEFINITIONS = (
					"DEBUG=1",
					"$(inherited)",
				);
				GCC_WARN_64_TO_32_BIT_CONVERSION = YES;
				GCC_WARN_ABOUT_RETURN_TYPE = YES_ERROR;
				GCC_WARN_UNDECLARED_SELECTOR = YES;
				GCC_WARN_UNINITIALIZED_AUTOS = YES_AGGRESSIVE;
				GCC_WARN_UNUSED_FUNCTION = YES;
				GCC_WARN_UNUSED_VARIABLE = YES;
				IPHONEOS_DEPLOYMENT_TARGET = 14.2;
				MTL_ENABLE_DEBUG_INFO = INCLUDE_SOURCE;
				MTL_FAST_MATH = YES;
				ONLY_ACTIVE_ARCH = YES;
				SDKROOT = iphoneos;
				SWIFT_ACTIVE_COMPILATION_CONDITIONS = DEBUG;
				SWIFT_OPTIMIZATION_LEVEL = "-Onone";
			};
			name = Debug;
		};
		0860548E257FBB13003649CC /* Release */ = {
			isa = XCBuildConfiguration;
			buildSettings = {
				ALWAYS_SEARCH_USER_PATHS = NO;
				CLANG_ANALYZER_NONNULL = YES;
				CLANG_ANALYZER_NUMBER_OBJECT_CONVERSION = YES_AGGRESSIVE;
				CLANG_CXX_LANGUAGE_STANDARD = "gnu++14";
				CLANG_CXX_LIBRARY = "libc++";
				CLANG_ENABLE_MODULES = YES;
				CLANG_ENABLE_OBJC_ARC = YES;
				CLANG_ENABLE_OBJC_WEAK = YES;
				CLANG_WARN_BLOCK_CAPTURE_AUTORELEASING = YES;
				CLANG_WARN_BOOL_CONVERSION = YES;
				CLANG_WARN_COMMA = YES;
				CLANG_WARN_CONSTANT_CONVERSION = YES;
				CLANG_WARN_DEPRECATED_OBJC_IMPLEMENTATIONS = YES;
				CLANG_WARN_DIRECT_OBJC_ISA_USAGE = YES_ERROR;
				CLANG_WARN_DOCUMENTATION_COMMENTS = YES;
				CLANG_WARN_EMPTY_BODY = YES;
				CLANG_WARN_ENUM_CONVERSION = YES;
				CLANG_WARN_INFINITE_RECURSION = YES;
				CLANG_WARN_INT_CONVERSION = YES;
				CLANG_WARN_NON_LITERAL_NULL_CONVERSION = YES;
				CLANG_WARN_OBJC_IMPLICIT_RETAIN_SELF = YES;
				CLANG_WARN_OBJC_LITERAL_CONVERSION = YES;
				CLANG_WARN_OBJC_ROOT_CLASS = YES_ERROR;
				CLANG_WARN_QUOTED_INCLUDE_IN_FRAMEWORK_HEADER = YES;
				CLANG_WARN_RANGE_LOOP_ANALYSIS = YES;
				CLANG_WARN_STRICT_PROTOTYPES = YES;
				CLANG_WARN_SUSPICIOUS_MOVE = YES;
				CLANG_WARN_UNGUARDED_AVAILABILITY = YES_AGGRESSIVE;
				CLANG_WARN_UNREACHABLE_CODE = YES;
				CLANG_WARN__DUPLICATE_METHOD_MATCH = YES;
				COPY_PHASE_STRIP = NO;
				DEBUG_INFORMATION_FORMAT = "dwarf-with-dsym";
				ENABLE_NS_ASSERTIONS = NO;
				ENABLE_STRICT_OBJC_MSGSEND = YES;
				GCC_C_LANGUAGE_STANDARD = gnu11;
				GCC_NO_COMMON_BLOCKS = YES;
				GCC_WARN_64_TO_32_BIT_CONVERSION = YES;
				GCC_WARN_ABOUT_RETURN_TYPE = YES_ERROR;
				GCC_WARN_UNDECLARED_SELECTOR = YES;
				GCC_WARN_UNINITIALIZED_AUTOS = YES_AGGRESSIVE;
				GCC_WARN_UNUSED_FUNCTION = YES;
				GCC_WARN_UNUSED_VARIABLE = YES;
				IPHONEOS_DEPLOYMENT_TARGET = 14.2;
				MTL_ENABLE_DEBUG_INFO = NO;
				MTL_FAST_MATH = YES;
				SDKROOT = iphoneos;
				SWIFT_COMPILATION_MODE = wholemodule;
				SWIFT_OPTIMIZATION_LEVEL = "-O";
				VALIDATE_PRODUCT = YES;
			};
			name = Release;
		};
		08605490257FBB13003649CC /* Debug */ = {
			isa = XCBuildConfiguration;
			buildSettings = {
				ASSETCATALOG_COMPILER_APPICON_NAME = AppIcon;
				ASSETCATALOG_COMPILER_GLOBAL_ACCENT_COLOR_NAME = AccentColor;
				CODE_SIGN_STYLE = Automatic;
				INFOPLIST_FILE = de/Info.plist;
				LD_RUNPATH_SEARCH_PATHS = (
					"$(inherited)",
					"@executable_path/Frameworks",
				);
				PRODUCT_BUNDLE_IDENTIFIER = ru.kryu.de;
				PRODUCT_NAME = "$(TARGET_NAME)";
				SWIFT_VERSION = 5.0;
				TARGETED_DEVICE_FAMILY = "1,2";
			};
			name = Debug;
		};
		08605491257FBB13003649CC /* Release */ = {
			isa = XCBuildConfiguration;
			buildSettings = {
				ASSETCATALOG_COMPILER_APPICON_NAME = AppIcon;
				ASSETCATALOG_COMPILER_GLOBAL_ACCENT_COLOR_NAME = AccentColor;
				CODE_SIGN_STYLE = Automatic;
				INFOPLIST_FILE = de/Info.plist;
				LD_RUNPATH_SEARCH_PATHS = (
					"$(inherited)",
					"@executable_path/Frameworks",
				);
				PRODUCT_BUNDLE_IDENTIFIER = ru.kryu.de;
				PRODUCT_NAME = "$(TARGET_NAME)";
				SWIFT_VERSION = 5.0;
				TARGETED_DEVICE_FAMILY = "1,2";
			};
			name = Release;
		};
/* End XCBuildConfiguration section */

/* Begin XCConfigurationList section */
		08605476257FBB0F003649CC /* Build configuration list for PBXProject "de" */ = {
			isa = XCConfigurationList;
			buildConfigurations = (
				0860548D257FBB13003649CC /* Debug */,
				0860548E257FBB13003649CC /* Release */,
			);
			defaultConfigurationIsVisible = 0;
			defaultConfigurationName = Release;
		};
		0860548F257FBB13003649CC /* Build configuration list for PBXNativeTarget "de" */ = {
			isa = XCConfigurationList;
			buildConfigurations = (
				08605490257FBB13003649CC /* Debug */,
				08605491257FBB13003649CC /* Release */,
			);
			defaultConfigurationIsVisible = 0;
			defaultConfigurationName = Release;
		};
/* End XCConfigurationList section */
	};
	rootObject = 08605473257FBB0F003649CC /* Project object */;
}
